
Microsoft Visual Studio Solution File, Format Version 12.00
# Visual Studio Version 16
VisualStudioVersion = 16.0.29613.14
MinimumVisualStudioVersion = 10.0.40219.1
Project("{FAE04EC0-301F-11D3-BF4B-00C04F79EFBC}") = "Cars", "Cars\Cars.csproj", "{09D9A885-4ECF-4FEE-9C9F-B46FF2ABFD71}"
EndProject
Global
	GlobalSection(SolutionConfigurationPlatforms) = preSolution
		Debug|Any CPU = Debug|Any CPU
		Release|Any CPU = Release|Any CPU
	EndGlobalSection
	GlobalSection(ProjectConfigurationPlatforms) = postSolution
		{09D9A885-4ECF-4FEE-9C9F-B46FF2ABFD71}.Debug|Any CPU.ActiveCfg = Debug|Any CPU
		{09D9A885-4ECF-4FEE-9C9F-B46FF2ABFD71}.Debug|Any CPU.Build.0 = Debug|Any CPU
		{09D9A885-4ECF-4FEE-9C9F-B46FF2ABFD71}.Release|Any CPU.ActiveCfg = Release|Any CPU
		{09D9A885-4ECF-4FEE-9C9F-B46FF2ABFD71}.Release|Any CPU.Build.0 = Release|Any CPU
	EndGlobalSection
	GlobalSection(SolutionProperties) = preSolution
		HideSolutionNode = FALSE
	EndGlobalSection
	GlobalSection(ExtensibilityGlobals) = postSolution
		SolutionGuid = {46562DFF-2E7A-4AA4-B68F-0C21B93CB3E8}
	EndGlobalSection
EndGlobal
